# THIS IS AN AUTOGENERATED FILE. DO NOT EDIT THIS FILE DIRECTLY.
# yarn lockfile v1


"@types/node@^14.0.6":
  version "14.0.6"
  resolved "https://registry.yarnpkg.com/@types/node/-/node-14.0.6.tgz#f9e178b2da31a4b0ec60b64649e244c31ce18daf"
  integrity sha512-FbNmu4F67d3oZMWBV6Y4MaPER+0EpE9eIYf2yaHhCWovc1dlXCZkqGX4NLHfVVr6umt20TNBdRzrNJIzIKfdbw==

"@types/vscode@^1.45.1":
  version "1.45.1"
  resolved "https://registry.yarnpkg.com/@types/vscode/-/vscode-1.45.1.tgz#672fb8c2cc33cf14cd4d3bdaa19bb294fe2b2706"
  integrity sha512-0NO9qrrEJBO8FsqHCrFMgR2suKnwCsKBWvRSb2OzH5gs4i3QO5AhEMQYrSzDbU/wLPt7N617/rN9lPY213gmwg==
